
Microsoft Visual Studio Solution File, Format Version 12.00
Project("{FAE04EC0-301F-11D3-BF4B-00C04F79EFBC}") = "HappyTravel.SupplierRequestLogger", "HappyTravel.SupplierRequestLogger\HappyTravel.SupplierRequestLogger.csproj", "{55BB20DD-BE1D-4409-B95B-EFC6B5D1B173}"
EndProject
Global
	GlobalSection(SolutionConfigurationPlatforms) = preSolution
		Debug|Any CPU = Debug|Any CPU
		Release|Any CPU = Release|Any CPU
	EndGlobalSection
	GlobalSection(ProjectConfigurationPlatforms) = postSolution
		{55BB20DD-BE1D-4409-B95B-EFC6B5D1B173}.Debug|Any CPU.ActiveCfg = Debug|Any CPU
		{55BB20DD-BE1D-4409-B95B-EFC6B5D1B173}.Debug|Any CPU.Build.0 = Debug|Any CPU
		{55BB20DD-BE1D-4409-B95B-EFC6B5D1B173}.Release|Any CPU.ActiveCfg = Release|Any CPU
		{55BB20DD-BE1D-4409-B95B-EFC6B5D1B173}.Release|Any CPU.Build.0 = Release|Any CPU
	EndGlobalSection
EndGlobal
